
Microsoft Visual Studio Solution File, Format Version 12.00
# Visual Studio Version 16
VisualStudioVersion = 16.0.29201.188
MinimumVisualStudioVersion = 10.0.40219.1
Project("{FAE04EC0-301F-11D3-BF4B-00C04F79EFBC}") = "whippitbot", "whippitbot\whippitbot.csproj", "{B53AEB00-26E4-4CA6-ACCF-11016A7CAC5A}"
EndProject
Global
	GlobalSection(SolutionConfigurationPlatforms) = preSolution
		Debug|Any CPU = Debug|Any CPU
		Release|Any CPU = Release|Any CPU
	EndGlobalSection
	GlobalSection(ProjectConfigurationPlatforms) = postSolution
		{B53AEB00-26E4-4CA6-ACCF-11016A7CAC5A}.Debug|Any CPU.ActiveCfg = Debug|Any CPU
		{B53AEB00-26E4-4CA6-ACCF-11016A7CAC5A}.Debug|Any CPU.Build.0 = Debug|Any CPU
		{B53AEB00-26E4-4CA6-ACCF-11016A7CAC5A}.Release|Any CPU.ActiveCfg = Release|Any CPU
		{B53AEB00-26E4-4CA6-ACCF-11016A7CAC5A}.Release|Any CPU.Build.0 = Release|Any CPU
	EndGlobalSection
	GlobalSection(SolutionProperties) = preSolution
		HideSolutionNode = FALSE
	EndGlobalSection
	GlobalSection(ExtensibilityGlobals) = postSolution
		SolutionGuid = {A5536361-F02B-470E-81C3-148BDAF4B379}
	EndGlobalSection
EndGlobal
